<?xml version="1.0" encoding="UTF-8" standalone="yes" ?>
<CodeBlocks_project_file>
	<FileVersion major="1" minor="6" />
	<Project>
		<Option title="pear_ddns" />
		<Option pch_mode="2" />
		<Option compiler="gcc" />
		<Build>
			<Target title="Release">
				<Option output="bin/Release/pear_ddns" prefix_auto="1" extension_auto="1" />
				<Option object_output="obj/Release/" />
				<Option type="1" />
				<Option compiler="gcc" />
				<Compiler>
					<Add option="-O2" />
				</Compiler>
				<Linker>
					<Add option="-s" />
				</Linker>
			</Target>
		</Build>
		<Compiler>
			<Add option="-Wall" />
		</Compiler>
		<Unit filename="pear_ddns.c">
			<Option compilerVar="CC" />
		</Unit>
		<Unit filename="pear_ddns_base32.c">
			<Option compilerVar="CC" />
		</Unit>
		<Unit filename="pear_ddns_base32.h" />
		<Unit filename="pear_ddns_conf.c">
			<Option compilerVar="CC" />
		</Unit>
		<Unit filename="pear_ddns_conf.h" />
		<Unit filename="pear_ddns_query.c">
			<Option compilerVar="CC" />
		</Unit>
		<Unit filename="pear_ddns_query.h" />
		<Unit filename="pear_ddns_util.c">
			<Option compilerVar="CC" />
		</Unit>
		<Unit filename="pear_ddns_util.h" />
		<Extensions>
			<code_completion />
			<envvars />
			<debugger />
			<lib_finder disable_auto="1" />
		</Extensions>
	</Project>
</CodeBlocks_project_file>
